// !$*UTF8*$!
{
	archiveVersion = 1;
	classes = {
	};
	objectVersion = 51;
	objects = {

/* Begin PBXBuildFile section */
		01288423ED7C1197A1391E70 /* Pods_DPAppDoctor.framework in Frameworks */ = {isa = PBXBuildFile; fileRef = 686B1EA3FDC48E99470D190E /* Pods_DPAppDoctor.framework */; };
		28BDAC40DD6608A25548AFD7 /* Pods_DPAppDoctorTests.framework in Frameworks */ = {isa = PBXBuildFile; fileRef = 12076195A923920AE7643892 /* Pods_DPAppDoctorTests.framework */; };
		387CFEC125B084B9F29123C6 /* Pods_DPAppDoctorUITests.framework in Frameworks */ = {isa = PBXBuildFile; fileRef = 595BE23A0488BA2F689518D2 /* Pods_DPAppDoctorUITests.framework */; };
		FD3A507C217815A500E17385 /* AppDelegate.m in Sources */ = {isa = PBXBuildFile; fileRef = FD3A507B217815A500E17385 /* AppDelegate.m */; };
		FD3A507F217815A500E17385 /* ViewController.m in Sources */ = {isa = PBXBuildFile; fileRef = FD3A507E217815A500E17385 /* ViewController.m */; };
		FD3A5082217815A500E17385 /* Main.storyboard in Resources */ = {isa = PBXBuildFile; fileRef = FD3A5080217815A500E17385 /* Main.storyboard */; };
		FD3A5084217815A700E17385 /* Assets.xcassets in Resources */ = {isa = PBXBuildFile; fileRef = FD3A5083217815A700E17385 /* Assets.xcassets */; };
		FD3A5087217815A700E17385 /* LaunchScreen.storyboard in Resources */ = {isa = PBXBuildFile; fileRef = FD3A5085217815A700E17385 /* LaunchScreen.storyboard */; };
		FD3A508A217815A700E17385 /* main.m in Sources */ = {isa = PBXBuildFile; fileRef = FD3A5089217815A700E17385 /* main.m */; };
		FD3A5094217815A700E17385 /* DPAppDoctorDemoTests.m in Sources */ = {isa = PBXBuildFile; fileRef = FD3A5093217815A700E17385 /* DPAppDoctorDemoTests.m */; };
		FD3A509F217815A700E17385 /* DPAppDoctorDemoUITests.m in Sources */ = {isa = PBXBuildFile; fileRef = FD3A509E217815A700E17385 /* DPAppDoctorDemoUITests.m */; };
		FD3A50B1217816F100E17385 /* Launch.png in Resources */ = {isa = PBXBuildFile; fileRef = FD3A50AE217816F100E17385 /* Launch.png */; };
		FD539E7E24358A2F0085AAA7 /* LeakedViewController.m in Sources */ = {isa = PBXBuildFile; fileRef = FD539E7C24358A2E0085AAA7 /* LeakedViewController.m */; };
		FDD34B432632C44D008BE590 /* DPAppDoctorLogView.m in Sources */ = {isa = PBXBuildFile; fileRef = FDD34B072632C44B008BE590 /* DPAppDoctorLogView.m */; };
		FDD34B442632C44D008BE590 /* DPAppDoctorViewColorView.m in Sources */ = {isa = PBXBuildFile; fileRef = FDD34B092632C44B008BE590 /* DPAppDoctorViewColorView.m */; };
		FDD34B452632C44D008BE590 /* CheckNetWorkBytes.m in Sources */ = {isa = PBXBuildFile; fileRef = FDD34B0F2632C44B008BE590 /* CheckNetWorkBytes.m */; };
		FDD34B462632C44D008BE590 /* XLMonitorHandle.m in Sources */ = {isa = PBXBuildFile; fileRef = FDD34B102632C44B008BE590 /* XLMonitorHandle.m */; };
		FDD34B472632C44D008BE590 /* SMCallStack.m in Sources */ = {isa = PBXBuildFile; fileRef = FDD34B112632C44B008BE590 /* SMCallStack.m */; };
		FDD34B482632C44D008BE590 /* SMCallLib.m in Sources */ = {isa = PBXBuildFile; fileRef = FDD34B122632C44B008BE590 /* SMCallLib.m */; };
		FDD34B492632C44D008BE590 /* UINavigationController+MemoryLeak.m in Sources */ = {isa = PBXBuildFile; fileRef = FDD34B142632C44B008BE590 /* UINavigationController+MemoryLeak.m */; };
		FDD34B4A2632C44D008BE590 /* DPLeaksMessenger.m in Sources */ = {isa = PBXBuildFile; fileRef = FDD34B172632C44B008BE590 /* DPLeaksMessenger.m */; };
		FDD34B4B2632C44D008BE590 /* UIView+MemoryLeak.m in Sources */ = {isa = PBXBuildFile; fileRef = FDD34B192632C44B008BE590 /* UIView+MemoryLeak.m */; };
		FDD34B4C2632C44D008BE590 /* DPLeakedObjectProxy.m in Sources */ = {isa = PBXBuildFile; fileRef = FDD34B1B2632C44B008BE590 /* DPLeakedObjectProxy.m */; };
		FDD34B4D2632C44D008BE590 /* UITouch+MemoryLeak.m in Sources */ = {isa = PBXBuildFile; fileRef = FDD34B1D2632C44B008BE590 /* UITouch+MemoryLeak.m */; };
		FDD34B4E2632C44D008BE590 /* UISplitViewController+MemoryLeak.m in Sources */ = {isa = PBXBuildFile; fileRef = FDD34B1E2632C44B008BE590 /* UISplitViewController+MemoryLeak.m */; };
		FDD34B4F2632C44D008BE590 /* UIPageViewController+MemoryLeak.m in Sources */ = {isa = PBXBuildFile; fileRef = FDD34B1F2632C44B008BE590 /* UIPageViewController+MemoryLeak.m */; };
		FDD34B502632C44D008BE590 /* UITabBarController+MemoryLeak.m in Sources */ = {isa = PBXBuildFile; fileRef = FDD34B202632C44B008BE590 /* UITabBarController+MemoryLeak.m */; };
		FDD34B512632C44D008BE590 /* UIViewController+MemoryLeak.m in Sources */ = {isa = PBXBuildFile; fileRef = FDD34B232632C44B008BE590 /* UIViewController+MemoryLeak.m */; };
		FDD34B522632C44D008BE590 /* UIApplication+MemoryLeak.m in Sources */ = {isa = PBXBuildFile; fileRef = FDD34B282632C44C008BE590 /* UIApplication+MemoryLeak.m */; };
		FDD34B532632C44D008BE590 /* NSObject+MemoryLeak.m in Sources */ = {isa = PBXBuildFile; fileRef = FDD34B292632C44C008BE590 /* NSObject+MemoryLeak.m */; };
		FDD34B542632C44D008BE590 /* DPAppDoctorMonitorView.m in Sources */ = {isa = PBXBuildFile; fileRef = FDD34B2B2632C44C008BE590 /* DPAppDoctorMonitorView.m */; };
		FDD34B552632C44D008BE590 /* DPAppDoctorManager.m in Sources */ = {isa = PBXBuildFile; fileRef = FDD34B302632C44C008BE590 /* DPAppDoctorManager.m */; };
		FDD34B562632C44D008BE590 /* NSString+DPExtension.m in Sources */ = {isa = PBXBuildFile; fileRef = FDD34B322632C44D008BE590 /* NSString+DPExtension.m */; };
		FDD34B572632C44D008BE590 /* NSObject+DPExtension.m in Sources */ = {isa = PBXBuildFile; fileRef = FDD34B362632C44D008BE590 /* NSObject+DPExtension.m */; };
		FDD34B582632C44D008BE590 /* UIView+DPExtension.m in Sources */ = {isa = PBXBuildFile; fileRef = FDD34B382632C44D008BE590 /* UIView+DPExtension.m */; };
		FDD34B592632C44D008BE590 /* UIApplication+ZCExtension.m in Sources */ = {isa = PBXBuildFile; fileRef = FDD34B392632C44D008BE590 /* UIApplication+ZCExtension.m */; };
		FDD34B5A2632C44D008BE590 /* UIResponder+DPExtension.m in Sources */ = {isa = PBXBuildFile; fileRef = FDD34B3A2632C44D008BE590 /* UIResponder+DPExtension.m */; };
		FDD34B5B2632C44D008BE590 /* UIColor+DPExtension.m in Sources */ = {isa = PBXBuildFile; fileRef = FDD34B3C2632C44D008BE590 /* UIColor+DPExtension.m */; };
		FDD34B5C2632C44D008BE590 /* UIButton+DPExtension.m in Sources */ = {isa = PBXBuildFile; fileRef = FDD34B3E2632C44D008BE590 /* UIButton+DPExtension.m */; };
/* End PBXBuildFile section */

/* Begin PBXContainerItemProxy section */
		FD3A5090217815A700E17385 /* PBXContainerItemProxy */ = {
			isa = PBXContainerItemProxy;
			containerPortal = FD3A506F217815A500E17385 /* Project object */;
			proxyType = 1;
			remoteGlobalIDString = FD3A5076217815A500E17385;
			remoteInfo = DPAppDoctorDemo;
		};
		FD3A509B217815A700E17385 /* PBXContainerItemProxy */ = {
			isa = PBXContainerItemProxy;
			containerPortal = FD3A506F217815A500E17385 /* Project object */;
			proxyType = 1;
			remoteGlobalIDString = FD3A5076217815A500E17385;
			remoteInfo = DPAppDoctorDemo;
		};
/* End PBXContainerItemProxy section */

/* Begin PBXFileReference section */
		0CC87BF9DC034EBD2EA18E04 /* Pods-DPAppDoctorTests.debug.xcconfig */ = {isa = PBXFileReference; includeInIndex = 1; lastKnownFileType = text.xcconfig; name = "Pods-DPAppDoctorTests.debug.xcconfig"; path = "Target Support Files/Pods-DPAppDoctorTests/Pods-DPAppDoctorTests.debug.xcconfig"; sourceTree = "<group>"; };
		12076195A923920AE7643892 /* Pods_DPAppDoctorTests.framework */ = {isa = PBXFileReference; explicitFileType = wrapper.framework; includeInIndex = 0; path = Pods_DPAppDoctorTests.framework; sourceTree = BUILT_PRODUCTS_DIR; };
		12579F1D81EB1DD14225877D /* Pods-DPAppDoctorUITests.release.xcconfig */ = {isa = PBXFileReference; includeInIndex = 1; lastKnownFileType = text.xcconfig; name = "Pods-DPAppDoctorUITests.release.xcconfig"; path = "Target Support Files/Pods-DPAppDoctorUITests/Pods-DPAppDoctorUITests.release.xcconfig"; sourceTree = "<group>"; };
		49FBA3E7545AEFD2C1CD548F /* Pods-DPAppDoctorUITests.debug.xcconfig */ = {isa = PBXFileReference; includeInIndex = 1; lastKnownFileType = text.xcconfig; name = "Pods-DPAppDoctorUITests.debug.xcconfig"; path = "Target Support Files/Pods-DPAppDoctorUITests/Pods-DPAppDoctorUITests.debug.xcconfig"; sourceTree = "<group>"; };
		595BE23A0488BA2F689518D2 /* Pods_DPAppDoctorUITests.framework */ = {isa = PBXFileReference; explicitFileType = wrapper.framework; includeInIndex = 0; path = Pods_DPAppDoctorUITests.framework; sourceTree = BUILT_PRODUCTS_DIR; };
		5C07125FD77D3D424A9E2B65 /* Pods-DPAppDoctor.debug.xcconfig */ = {isa = PBXFileReference; includeInIndex = 1; lastKnownFileType = text.xcconfig; name = "Pods-DPAppDoctor.debug.xcconfig"; path = "Target Support Files/Pods-DPAppDoctor/Pods-DPAppDoctor.debug.xcconfig"; sourceTree = "<group>"; };
		686B1EA3FDC48E99470D190E /* Pods_DPAppDoctor.framework */ = {isa = PBXFileReference; explicitFileType = wrapper.framework; includeInIndex = 0; path = Pods_DPAppDoctor.framework; sourceTree = BUILT_PRODUCTS_DIR; };
		74EC040E74972BAF3ACBC39E /* Pods-DPAppDoctorTests.release.xcconfig */ = {isa = PBXFileReference; includeInIndex = 1; lastKnownFileType = text.xcconfig; name = "Pods-DPAppDoctorTests.release.xcconfig"; path = "Target Support Files/Pods-DPAppDoctorTests/Pods-DPAppDoctorTests.release.xcconfig"; sourceTree = "<group>"; };
		EEE2C6182DA2DBD0C4B022EC /* Pods-DPAppDoctor.release.xcconfig */ = {isa = PBXFileReference; includeInIndex = 1; lastKnownFileType = text.xcconfig; name = "Pods-DPAppDoctor.release.xcconfig"; path = "Target Support Files/Pods-DPAppDoctor/Pods-DPAppDoctor.release.xcconfig"; sourceTree = "<group>"; };
		FD3A5077217815A500E17385 /* DPAppDoctor.app */ = {isa = PBXFileReference; explicitFileType = wrapper.application; includeInIndex = 0; path = DPAppDoctor.app; sourceTree = BUILT_PRODUCTS_DIR; };
		FD3A507A217815A500E17385 /* AppDelegate.h */ = {isa = PBXFileReference; lastKnownFileType = sourcecode.c.h; path = AppDelegate.h; sourceTree = "<group>"; };
		FD3A507B217815A500E17385 /* AppDelegate.m */ = {isa = PBXFileReference; lastKnownFileType = sourcecode.c.objc; path = AppDelegate.m; sourceTree = "<group>"; };
		FD3A507D217815A500E17385 /* ViewController.h */ = {isa = PBXFileReference; lastKnownFileType = sourcecode.c.h; path = ViewController.h; sourceTree = "<group>"; };
		FD3A507E217815A500E17385 /* ViewController.m */ = {isa = PBXFileReference; lastKnownFileType = sourcecode.c.objc; path = ViewController.m; sourceTree = "<group>"; };
		FD3A5081217815A500E17385 /* Base */ = {isa = PBXFileReference; lastKnownFileType = file.storyboard; name = Base; path = Base.lproj/Main.storyboard; sourceTree = "<group>"; };
		FD3A5083217815A700E17385 /* Assets.xcassets */ = {isa = PBXFileReference; lastKnownFileType = folder.assetcatalog; path = Assets.xcassets; sourceTree = "<group>"; };
		FD3A5086217815A700E17385 /* Base */ = {isa = PBXFileReference; lastKnownFileType = file.storyboard; name = Base; path = Base.lproj/LaunchScreen.storyboard; sourceTree = "<group>"; };
		FD3A5088217815A700E17385 /* Info.plist */ = {isa = PBXFileReference; lastKnownFileType = text.plist.xml; path = Info.plist; sourceTree = "<group>"; };
		FD3A5089217815A700E17385 /* main.m */ = {isa = PBXFileReference; lastKnownFileType = sourcecode.c.objc; path = main.m; sourceTree = "<group>"; };
		FD3A508F217815A700E17385 /* DPAppDoctorTests.xctest */ = {isa = PBXFileReference; explicitFileType = wrapper.cfbundle; includeInIndex = 0; path = DPAppDoctorTests.xctest; sourceTree = BUILT_PRODUCTS_DIR; };
		FD3A5093217815A700E17385 /* DPAppDoctorDemoTests.m */ = {isa = PBXFileReference; lastKnownFileType = sourcecode.c.objc; path = DPAppDoctorDemoTests.m; sourceTree = "<group>"; };
		FD3A5095217815A700E17385 /* Info.plist */ = {isa = PBXFileReference; lastKnownFileType = text.plist.xml; path = Info.plist; sourceTree = "<group>"; };
		FD3A509A217815A700E17385 /* DPAppDoctorUITests.xctest */ = {isa = PBXFileReference; explicitFileType = wrapper.cfbundle; includeInIndex = 0; path = DPAppDoctorUITests.xctest; sourceTree = BUILT_PRODUCTS_DIR; };
		FD3A509E217815A700E17385 /* DPAppDoctorDemoUITests.m */ = {isa = PBXFileReference; lastKnownFileType = sourcecode.c.objc; path = DPAppDoctorDemoUITests.m; sourceTree = "<group>"; };
		FD3A50A0217815A700E17385 /* Info.plist */ = {isa = PBXFileReference; lastKnownFileType = text.plist.xml; path = Info.plist; sourceTree = "<group>"; };
		FD3A50AE217816F100E17385 /* Launch.png */ = {isa = PBXFileReference; lastKnownFileType = image.png; path = Launch.png; sourceTree = "<group>"; };
		FD539E7C24358A2E0085AAA7 /* LeakedViewController.m */ = {isa = PBXFileReference; fileEncoding = 4; lastKnownFileType = sourcecode.c.objc; name = LeakedViewController.m; path = DPAppDoctorDemo/LeakedViewController.m; sourceTree = SOURCE_ROOT; };
		FD539E7D24358A2E0085AAA7 /* LeakedViewController.h */ = {isa = PBXFileReference; fileEncoding = 4; lastKnownFileType = sourcecode.c.h; name = LeakedViewController.h; path = DPAppDoctorDemo/LeakedViewController.h; sourceTree = SOURCE_ROOT; };
		FDD34B072632C44B008BE590 /* DPAppDoctorLogView.m */ = {isa = PBXFileReference; fileEncoding = 4; lastKnownFileType = sourcecode.c.objc; path = DPAppDoctorLogView.m; sourceTree = "<group>"; };
		FDD34B082632C44B008BE590 /* DPAppDoctorMonitorView.h */ = {isa = PBXFileReference; fileEncoding = 4; lastKnownFileType = sourcecode.c.h; path = DPAppDoctorMonitorView.h; sourceTree = "<group>"; };
		FDD34B092632C44B008BE590 /* DPAppDoctorViewColorView.m */ = {isa = PBXFileReference; fileEncoding = 4; lastKnownFileType = sourcecode.c.objc; path = DPAppDoctorViewColorView.m; sourceTree = "<group>"; };
		FDD34B0B2632C44B008BE590 /* CheckNetWorkBytes.h */ = {isa = PBXFileReference; fileEncoding = 4; lastKnownFileType = sourcecode.c.h; path = CheckNetWorkBytes.h; sourceTree = "<group>"; };
		FDD34B0C2632C44B008BE590 /* SMCallStack.h */ = {isa = PBXFileReference; fileEncoding = 4; lastKnownFileType = sourcecode.c.h; path = SMCallStack.h; sourceTree = "<group>"; };
		FDD34B0D2632C44B008BE590 /* XLMonitorHandle.h */ = {isa = PBXFileReference; fileEncoding = 4; lastKnownFileType = sourcecode.c.h; path = XLMonitorHandle.h; sourceTree = "<group>"; };
		FDD34B0E2632C44B008BE590 /* SMCallLib.h */ = {isa = PBXFileReference; fileEncoding = 4; lastKnownFileType = sourcecode.c.h; path = SMCallLib.h; sourceTree = "<group>"; };
		FDD34B0F2632C44B008BE590 /* CheckNetWorkBytes.m */ = {isa = PBXFileReference; fileEncoding = 4; lastKnownFileType = sourcecode.c.objc; path = CheckNetWorkBytes.m; sourceTree = "<group>"; };
		FDD34B102632C44B008BE590 /* XLMonitorHandle.m */ = {isa = PBXFileReference; fileEncoding = 4; lastKnownFileType = sourcecode.c.objc; path = XLMonitorHandle.m; sourceTree = "<group>"; };
		FDD34B112632C44B008BE590 /* SMCallStack.m */ = {isa = PBXFileReference; fileEncoding = 4; lastKnownFileType = sourcecode.c.objc; path = SMCallStack.m; sourceTree = "<group>"; };
		FDD34B122632C44B008BE590 /* SMCallLib.m */ = {isa = PBXFileReference; fileEncoding = 4; lastKnownFileType = sourcecode.c.objc; path = SMCallLib.m; sourceTree = "<group>"; };
		FDD34B142632C44B008BE590 /* UINavigationController+MemoryLeak.m */ = {isa = PBXFileReference; fileEncoding = 4; lastKnownFileType = sourcecode.c.objc; path = "UINavigationController+MemoryLeak.m"; sourceTree = "<group>"; };
		FDD34B152632C44B008BE590 /* UITabBarController+MemoryLeak.h */ = {isa = PBXFileReference; fileEncoding = 4; lastKnownFileType = sourcecode.c.h; path = "UITabBarController+MemoryLeak.h"; sourceTree = "<group>"; };
		FDD34B162632C44B008BE590 /* UIPageViewController+MemoryLeak.h */ = {isa = PBXFileReference; fileEncoding = 4; lastKnownFileType = sourcecode.c.h; path = "UIPageViewController+MemoryLeak.h"; sourceTree = "<group>"; };
		FDD34B172632C44B008BE590 /* DPLeaksMessenger.m */ = {isa = PBXFileReference; fileEncoding = 4; lastKnownFileType = sourcecode.c.objc; path = DPLeaksMessenger.m; sourceTree = "<group>"; };
		FDD34B182632C44B008BE590 /* UIViewController+MemoryLeak.h */ = {isa = PBXFileReference; fileEncoding = 4; lastKnownFileType = sourcecode.c.h; path = "UIViewController+MemoryLeak.h"; sourceTree = "<group>"; };
		FDD34B192632C44B008BE590 /* UIView+MemoryLeak.m */ = {isa = PBXFileReference; fileEncoding = 4; lastKnownFileType = sourcecode.c.objc; path = "UIView+MemoryLeak.m"; sourceTree = "<group>"; };
		FDD34B1A2632C44B008BE590 /* NSObject+MemoryLeak.h */ = {isa = PBXFileReference; fileEncoding = 4; lastKnownFileType = sourcecode.c.h; path = "NSObject+MemoryLeak.h"; sourceTree = "<group>"; };
		FDD34B1B2632C44B008BE590 /* DPLeakedObjectProxy.m */ = {isa = PBXFileReference; fileEncoding = 4; lastKnownFileType = sourcecode.c.objc; path = DPLeakedObjectProxy.m; sourceTree = "<group>"; };
		FDD34B1C2632C44B008BE590 /* UIApplication+MemoryLeak.h */ = {isa = PBXFileReference; fileEncoding = 4; lastKnownFileType = sourcecode.c.h; path = "UIApplication+MemoryLeak.h"; sourceTree = "<group>"; };
		FDD34B1D2632C44B008BE590 /* UITouch+MemoryLeak.m */ = {isa = PBXFileReference; fileEncoding = 4; lastKnownFileType = sourcecode.c.objc; path = "UITouch+MemoryLeak.m"; sourceTree = "<group>"; };
		FDD34B1E2632C44B008BE590 /* UISplitViewController+MemoryLeak.m */ = {isa = PBXFileReference; fileEncoding = 4; lastKnownFileType = sourcecode.c.objc; path = "UISplitViewController+MemoryLeak.m"; sourceTree = "<group>"; };
		FDD34B1F2632C44B008BE590 /* UIPageViewController+MemoryLeak.m */ = {isa = PBXFileReference; fileEncoding = 4; lastKnownFileType = sourcecode.c.objc; path = "UIPageViewController+MemoryLeak.m"; sourceTree = "<group>"; };
		FDD34B202632C44B008BE590 /* UITabBarController+MemoryLeak.m */ = {isa = PBXFileReference; fileEncoding = 4; lastKnownFileType = sourcecode.c.objc; path = "UITabBarController+MemoryLeak.m"; sourceTree = "<group>"; };
		FDD34B212632C44B008BE590 /* DPLeakedHeader.h */ = {isa = PBXFileReference; fileEncoding = 4; lastKnownFileType = sourcecode.c.h; path = DPLeakedHeader.h; sourceTree = "<group>"; };
		FDD34B222632C44B008BE590 /* UINavigationController+MemoryLeak.h */ = {isa = PBXFileReference; fileEncoding = 4; lastKnownFileType = sourcecode.c.h; path = "UINavigationController+MemoryLeak.h"; sourceTree = "<group>"; };
		FDD34B232632C44B008BE590 /* UIViewController+MemoryLeak.m */ = {isa = PBXFileReference; fileEncoding = 4; lastKnownFileType = sourcecode.c.objc; path = "UIViewController+MemoryLeak.m"; sourceTree = "<group>"; };
		FDD34B242632C44C008BE590 /* DPLeaksMessenger.h */ = {isa = PBXFileReference; fileEncoding = 4; lastKnownFileType = sourcecode.c.h; path = DPLeaksMessenger.h; sourceTree = "<group>"; };
		FDD34B252632C44C008BE590 /* UISplitViewController+MemoryLeak.h */ = {isa = PBXFileReference; fileEncoding = 4; lastKnownFileType = sourcecode.c.h; path = "UISplitViewController+MemoryLeak.h"; sourceTree = "<group>"; };
		FDD34B262632C44C008BE590 /* UITouch+MemoryLeak.h */ = {isa = PBXFileReference; fileEncoding = 4; lastKnownFileType = sourcecode.c.h; path = "UITouch+MemoryLeak.h"; sourceTree = "<group>"; };
		FDD34B272632C44C008BE590 /* DPLeakedObjectProxy.h */ = {isa = PBXFileReference; fileEncoding = 4; lastKnownFileType = sourcecode.c.h; path = DPLeakedObjectProxy.h; sourceTree = "<group>"; };
		FDD34B282632C44C008BE590 /* UIApplication+MemoryLeak.m */ = {isa = PBXFileReference; fileEncoding = 4; lastKnownFileType = sourcecode.c.objc; path = "UIApplication+MemoryLeak.m"; sourceTree = "<group>"; };
		FDD34B292632C44C008BE590 /* NSObject+MemoryLeak.m */ = {isa = PBXFileReference; fileEncoding = 4; lastKnownFileType = sourcecode.c.objc; path = "NSObject+MemoryLeak.m"; sourceTree = "<group>"; };
		FDD34B2A2632C44C008BE590 /* UIView+MemoryLeak.h */ = {isa = PBXFileReference; fileEncoding = 4; lastKnownFileType = sourcecode.c.h; path = "UIView+MemoryLeak.h"; sourceTree = "<group>"; };
		FDD34B2B2632C44C008BE590 /* DPAppDoctorMonitorView.m */ = {isa = PBXFileReference; fileEncoding = 4; lastKnownFileType = sourcecode.c.objc; path = DPAppDoctorMonitorView.m; sourceTree = "<group>"; };
		FDD34B2C2632C44C008BE590 /* DPAppDoctorLogView.h */ = {isa = PBXFileReference; fileEncoding = 4; lastKnownFileType = sourcecode.c.h; path = DPAppDoctorLogView.h; sourceTree = "<group>"; };
		FDD34B2E2632C44C008BE590 /* DPAppDoctorManager.h */ = {isa = PBXFileReference; fileEncoding = 4; lastKnownFileType = sourcecode.c.h; path = DPAppDoctorManager.h; sourceTree = "<group>"; };
		FDD34B2F2632C44C008BE590 /* DPAppDoctorViewColorView.h */ = {isa = PBXFileReference; fileEncoding = 4; lastKnownFileType = sourcecode.c.h; path = DPAppDoctorViewColorView.h; sourceTree = "<group>"; };
		FDD34B302632C44C008BE590 /* DPAppDoctorManager.m */ = {isa = PBXFileReference; fileEncoding = 4; lastKnownFileType = sourcecode.c.objc; path = DPAppDoctorManager.m; sourceTree = "<group>"; };
		FDD34B322632C44D008BE590 /* NSString+DPExtension.m */ = {isa = PBXFileReference; fileEncoding = 4; lastKnownFileType = sourcecode.c.objc; path = "NSString+DPExtension.m"; sourceTree = "<group>"; };
		FDD34B332632C44D008BE590 /* UIResponder+DPExtension.h */ = {isa = PBXFileReference; fileEncoding = 4; lastKnownFileType = sourcecode.c.h; path = "UIResponder+DPExtension.h"; sourceTree = "<group>"; };
		FDD34B342632C44D008BE590 /* UIApplication+ZCExtension.h */ = {isa = PBXFileReference; fileEncoding = 4; lastKnownFileType = sourcecode.c.h; path = "UIApplication+ZCExtension.h"; sourceTree = "<group>"; };
		FDD34B352632C44D008BE590 /* UIColor+DPExtension.h */ = {isa = PBXFileReference; fileEncoding = 4; lastKnownFileType = sourcecode.c.h; path = "UIColor+DPExtension.h"; sourceTree = "<group>"; };
		FDD34B362632C44D008BE590 /* NSObject+DPExtension.m */ = {isa = PBXFileReference; fileEncoding = 4; lastKnownFileType = sourcecode.c.objc; path = "NSObject+DPExtension.m"; sourceTree = "<group>"; };
		FDD34B372632C44D008BE590 /* UIButton+DPExtension.h */ = {isa = PBXFileReference; fileEncoding = 4; lastKnownFileType = sourcecode.c.h; path = "UIButton+DPExtension.h"; sourceTree = "<group>"; };
		FDD34B382632C44D008BE590 /* UIView+DPExtension.m */ = {isa = PBXFileReference; fileEncoding = 4; lastKnownFileType = sourcecode.c.objc; path = "UIView+DPExtension.m"; sourceTree = "<group>"; };
		FDD34B392632C44D008BE590 /* UIApplication+ZCExtension.m */ = {isa = PBXFileReference; fileEncoding = 4; lastKnownFileType = sourcecode.c.objc; path = "UIApplication+ZCExtension.m"; sourceTree = "<group>"; };
		FDD34B3A2632C44D008BE590 /* UIResponder+DPExtension.m */ = {isa = PBXFileReference; fileEncoding = 4; lastKnownFileType = sourcecode.c.objc; path = "UIResponder+DPExtension.m"; sourceTree = "<group>"; };
		FDD34B3B2632C44D008BE590 /* NSString+DPExtension.h */ = {isa = PBXFileReference; fileEncoding = 4; lastKnownFileType = sourcecode.c.h; path = "NSString+DPExtension.h"; sourceTree = "<group>"; };
		FDD34B3C2632C44D008BE590 /* UIColor+DPExtension.m */ = {isa = PBXFileReference; fileEncoding = 4; lastKnownFileType = sourcecode.c.objc; path = "UIColor+DPExtension.m"; sourceTree = "<group>"; };
		FDD34B3D2632C44D008BE590 /* UIView+DPExtension.h */ = {isa = PBXFileReference; fileEncoding = 4; lastKnownFileType = sourcecode.c.h; path = "UIView+DPExtension.h"; sourceTree = "<group>"; };
		FDD34B3E2632C44D008BE590 /* UIButton+DPExtension.m */ = {isa = PBXFileReference; fileEncoding = 4; lastKnownFileType = sourcecode.c.objc; path = "UIButton+DPExtension.m"; sourceTree = "<group>"; };
		FDD34B3F2632C44D008BE590 /* NSObject+DPExtension.h */ = {isa = PBXFileReference; fileEncoding = 4; lastKnownFileType = sourcecode.c.h; path = "NSObject+DPExtension.h"; sourceTree = "<group>"; };
		FDD34B402632C44D008BE590 /* DPExtension.h */ = {isa = PBXFileReference; fileEncoding = 4; lastKnownFileType = sourcecode.c.h; path = DPExtension.h; sourceTree = "<group>"; };
		FDD34B422632C44D008BE590 /* DPNormal.h */ = {isa = PBXFileReference; fileEncoding = 4; lastKnownFileType = sourcecode.c.h; path = DPNormal.h; sourceTree = "<group>"; };
		FDD34B6D2632C872008BE590 /* DPAppDoctor.h */ = {isa = PBXFileReference; fileEncoding = 4; lastKnownFileType = sourcecode.c.h; path = DPAppDoctor.h; sourceTree = "<group>"; };
/* End PBXFileReference section */

/* Begin PBXFrameworksBuildPhase section */
		FD3A5074217815A500E17385 /* Frameworks */ = {
			isa = PBXFrameworksBuildPhase;
			buildActionMask = 2147483647;
			files = (
				01288423ED7C1197A1391E70 /* Pods_DPAppDoctor.framework in Frameworks */,
			);
			runOnlyForDeploymentPostprocessing = 0;
		};
		FD3A508C217815A700E17385 /* Frameworks */ = {
			isa = PBXFrameworksBuildPhase;
			buildActionMask = 2147483647;
			files = (
				28BDAC40DD6608A25548AFD7 /* Pods_DPAppDoctorTests.framework in Frameworks */,
			);
			runOnlyForDeploymentPostprocessing = 0;
		};
		FD3A5097217815A700E17385 /* Frameworks */ = {
			isa = PBXFrameworksBuildPhase;
			buildActionMask = 2147483647;
			files = (
				387CFEC125B084B9F29123C6 /* Pods_DPAppDoctorUITests.framework in Frameworks */,
			);
			runOnlyForDeploymentPostprocessing = 0;
		};
/* End PBXFrameworksBuildPhase section */

/* Begin PBXGroup section */
		2220ACE9A85E119A9F3C4236 /* Pods */ = {
			isa = PBXGroup;
			children = (
				5C07125FD77D3D424A9E2B65 /* Pods-DPAppDoctor.debug.xcconfig */,
				EEE2C6182DA2DBD0C4B022EC /* Pods-DPAppDoctor.release.xcconfig */,
				0CC87BF9DC034EBD2EA18E04 /* Pods-DPAppDoctorTests.debug.xcconfig */,
				74EC040E74972BAF3ACBC39E /* Pods-DPAppDoctorTests.release.xcconfig */,
				49FBA3E7545AEFD2C1CD548F /* Pods-DPAppDoctorUITests.debug.xcconfig */,
				12579F1D81EB1DD14225877D /* Pods-DPAppDoctorUITests.release.xcconfig */,
			);
			path = Pods;
			sourceTree = "<group>";
		};
		55DD6E569340DA1D3902F203 /* Frameworks */ = {
			isa = PBXGroup;
			children = (
				686B1EA3FDC48E99470D190E /* Pods_DPAppDoctor.framework */,
				12076195A923920AE7643892 /* Pods_DPAppDoctorTests.framework */,
				595BE23A0488BA2F689518D2 /* Pods_DPAppDoctorUITests.framework */,
			);
			name = Frameworks;
			sourceTree = "<group>";
		};
		FD3A506E217815A500E17385 = {
			isa = PBXGroup;
			children = (
				FD3A5079217815A500E17385 /* DPAppDoctorDemo */,
				FD3A5092217815A700E17385 /* DPAppDoctorDemoTests */,
				FD3A509D217815A700E17385 /* DPAppDoctorDemoUITests */,
				FD3A5078217815A500E17385 /* Products */,
				2220ACE9A85E119A9F3C4236 /* Pods */,
				55DD6E569340DA1D3902F203 /* Frameworks */,
			);
			sourceTree = "<group>";
		};
		FD3A5078217815A500E17385 /* Products */ = {
			isa = PBXGroup;
			children = (
				FD3A5077217815A500E17385 /* DPAppDoctor.app */,
				FD3A508F217815A700E17385 /* DPAppDoctorTests.xctest */,
				FD3A509A217815A700E17385 /* DPAppDoctorUITests.xctest */,
			);
			name = Products;
			sourceTree = "<group>";
		};
		FD3A5079217815A500E17385 /* DPAppDoctorDemo */ = {
			isa = PBXGroup;
			children = (
				FDC04FF7262EEE7200CCDBB5 /* DPAppDoctor_SDK */,
				FD3A50AC217816F100E17385 /* Resources */,
				FD3A507A217815A500E17385 /* AppDelegate.h */,
				FD3A507B217815A500E17385 /* AppDelegate.m */,
				FD3A507D217815A500E17385 /* ViewController.h */,
				FD3A507E217815A500E17385 /* ViewController.m */,
				FD539E7D24358A2E0085AAA7 /* LeakedViewController.h */,
				FD539E7C24358A2E0085AAA7 /* LeakedViewController.m */,
				FD3A5080217815A500E17385 /* Main.storyboard */,
				FD3A5083217815A700E17385 /* Assets.xcassets */,
				FD3A5085217815A700E17385 /* LaunchScreen.storyboard */,
				FD3A5088217815A700E17385 /* Info.plist */,
				FD3A5089217815A700E17385 /* main.m */,
			);
			path = DPAppDoctorDemo;
			sourceTree = "<group>";
		};
		FD3A5092217815A700E17385 /* DPAppDoctorDemoTests */ = {
			isa = PBXGroup;
			children = (
				FD3A5093217815A700E17385 /* DPAppDoctorDemoTests.m */,
				FD3A5095217815A700E17385 /* Info.plist */,
			);
			path = DPAppDoctorDemoTests;
			sourceTree = "<group>";
		};
		FD3A509D217815A700E17385 /* DPAppDoctorDemoUITests */ = {
			isa = PBXGroup;
			children = (
				FD3A509E217815A700E17385 /* DPAppDoctorDemoUITests.m */,
				FD3A50A0217815A700E17385 /* Info.plist */,
			);
			path = DPAppDoctorDemoUITests;
			sourceTree = "<group>";
		};
		FD3A50AC217816F100E17385 /* Resources */ = {
			isa = PBXGroup;
			children = (
				FD3A50AE217816F100E17385 /* Launch.png */,
			);
			path = Resources;
			sourceTree = "<group>";
		};
		FDC04FF7262EEE7200CCDBB5 /* DPAppDoctor_SDK */ = {
			isa = PBXGroup;
			children = (
				FDD34B6D2632C872008BE590 /* DPAppDoctor.h */,
				FDD34B2E2632C44C008BE590 /* DPAppDoctorManager.h */,
				FDD34B302632C44C008BE590 /* DPAppDoctorManager.m */,
				FDD34B2C2632C44C008BE590 /* DPAppDoctorLogView.h */,
				FDD34B072632C44B008BE590 /* DPAppDoctorLogView.m */,
				FDD34B082632C44B008BE590 /* DPAppDoctorMonitorView.h */,
				FDD34B2B2632C44C008BE590 /* DPAppDoctorMonitorView.m */,
				FDD34B2F2632C44C008BE590 /* DPAppDoctorViewColorView.h */,
				FDD34B092632C44B008BE590 /* DPAppDoctorViewColorView.m */,
				FDD34B312632C44D008BE590 /* ApiExtend(Api扩展) */,
				FDD34B132632C44B008BE590 /* Leaked */,
				FDD34B412632C44D008BE590 /* Macros(宏) */,
				FDD34B0A2632C44B008BE590 /* Monitor */,
			);
			name = DPAppDoctor_SDK;
			path = ../../DPAppDoctor_SDK;
			sourceTree = "<group>";
		};
		FDD34B0A2632C44B008BE590 /* Monitor */ = {
			isa = PBXGroup;
			children = (
				FDD34B0B2632C44B008BE590 /* CheckNetWorkBytes.h */,
				FDD34B0C2632C44B008BE590 /* SMCallStack.h */,
				FDD34B0D2632C44B008BE590 /* XLMonitorHandle.h */,
				FDD34B0E2632C44B008BE590 /* SMCallLib.h */,
				FDD34B0F2632C44B008BE590 /* CheckNetWorkBytes.m */,
				FDD34B102632C44B008BE590 /* XLMonitorHandle.m */,
				FDD34B112632C44B008BE590 /* SMCallStack.m */,
				FDD34B122632C44B008BE590 /* SMCallLib.m */,
			);
			path = Monitor;
			sourceTree = "<group>";
		};
		FDD34B132632C44B008BE590 /* Leaked */ = {
			isa = PBXGroup;
			children = (
				FDD34B142632C44B008BE590 /* UINavigationController+MemoryLeak.m */,
				FDD34B152632C44B008BE590 /* UITabBarController+MemoryLeak.h */,
				FDD34B162632C44B008BE590 /* UIPageViewController+MemoryLeak.h */,
				FDD34B172632C44B008BE590 /* DPLeaksMessenger.m */,
				FDD34B182632C44B008BE590 /* UIViewController+MemoryLeak.h */,
				FDD34B192632C44B008BE590 /* UIView+MemoryLeak.m */,
				FDD34B1A2632C44B008BE590 /* NSObject+MemoryLeak.h */,
				FDD34B1B2632C44B008BE590 /* DPLeakedObjectProxy.m */,
				FDD34B1C2632C44B008BE590 /* UIApplication+MemoryLeak.h */,
				FDD34B1D2632C44B008BE590 /* UITouch+MemoryLeak.m */,
				FDD34B1E2632C44B008BE590 /* UISplitViewController+MemoryLeak.m */,
				FDD34B1F2632C44B008BE590 /* UIPageViewController+MemoryLeak.m */,
				FDD34B202632C44B008BE590 /* UITabBarController+MemoryLeak.m */,
				FDD34B212632C44B008BE590 /* DPLeakedHeader.h */,
				FDD34B222632C44B008BE590 /* UINavigationController+MemoryLeak.h */,
				FDD34B232632C44B008BE590 /* UIViewController+MemoryLeak.m */,
				FDD34B242632C44C008BE590 /* DPLeaksMessenger.h */,
				FDD34B252632C44C008BE590 /* UISplitViewController+MemoryLeak.h */,
				FDD34B262632C44C008BE590 /* UITouch+MemoryLeak.h */,
				FDD34B272632C44C008BE590 /* DPLeakedObjectProxy.h */,
				FDD34B282632C44C008BE590 /* UIApplication+MemoryLeak.m */,
				FDD34B292632C44C008BE590 /* NSObject+MemoryLeak.m */,
				FDD34B2A2632C44C008BE590 /* UIView+MemoryLeak.h */,
			);
			path = Leaked;
			sourceTree = "<group>";
		};
		FDD34B312632C44D008BE590 /* ApiExtend(Api扩展) */ = {
			isa = PBXGroup;
			children = (
				FDD34B402632C44D008BE590 /* DPExtension.h */,
				FDD34B3F2632C44D008BE590 /* NSObject+DPExtension.h */,
				FDD34B362632C44D008BE590 /* NSObject+DPExtension.m */,
				FDD34B3B2632C44D008BE590 /* NSString+DPExtension.h */,
				FDD34B322632C44D008BE590 /* NSString+DPExtension.m */,
				FDD34B342632C44D008BE590 /* UIApplication+ZCExtension.h */,
				FDD34B392632C44D008BE590 /* UIApplication+ZCExtension.m */,
				FDD34B372632C44D008BE590 /* UIButton+DPExtension.h */,
				FDD34B3E2632C44D008BE590 /* UIButton+DPExtension.m */,
				FDD34B352632C44D008BE590 /* UIColor+DPExtension.h */,
				FDD34B3C2632C44D008BE590 /* UIColor+DPExtension.m */,
				FDD34B332632C44D008BE590 /* UIResponder+DPExtension.h */,
				FDD34B3A2632C44D008BE590 /* UIResponder+DPExtension.m */,
				FDD34B3D2632C44D008BE590 /* UIView+DPExtension.h */,
				FDD34B382632C44D008BE590 /* UIView+DPExtension.m */,
			);
			path = "ApiExtend(Api扩展)";
			sourceTree = "<group>";
		};
		FDD34B412632C44D008BE590 /* Macros(宏) */ = {
			isa = PBXGroup;
			children = (
				FDD34B422632C44D008BE590 /* DPNormal.h */,
			);
			path = "Macros(宏)";
			sourceTree = "<group>";
		};
/* End PBXGroup section */

/* Begin PBXNativeTarget section */
		FD3A5076217815A500E17385 /* DPAppDoctor */ = {
			isa = PBXNativeTarget;
			buildConfigurationList = FD3A50A3217815A700E17385 /* Build configuration list for PBXNativeTarget "DPAppDoctor" */;
			buildPhases = (
				CB5FEE7EDE14B22ECFDB17C1 /* [CP] Check Pods Manifest.lock */,
				FD3A5073217815A500E17385 /* Sources */,
				FD3A5074217815A500E17385 /* Frameworks */,
				FD3A5075217815A500E17385 /* Resources */,
				298A6945285DBD846FA5988F /* [CP] Embed Pods Frameworks */,
			);
			buildRules = (
			);
			dependencies = (
			);
			name = DPAppDoctor;
			productName = DPAppDoctorDemo;
			productReference = FD3A5077217815A500E17385 /* DPAppDoctor.app */;
			productType = "com.apple.product-type.application";
		};
		FD3A508E217815A700E17385 /* DPAppDoctorTests */ = {
			isa = PBXNativeTarget;
			buildConfigurationList = FD3A50A6217815A700E17385 /* Build configuration list for PBXNativeTarget "DPAppDoctorTests" */;
			buildPhases = (
				865A58C7B50B102C2401849A /* [CP] Check Pods Manifest.lock */,
				FD3A508B217815A700E17385 /* Sources */,
				FD3A508C217815A700E17385 /* Frameworks */,
				FD3A508D217815A700E17385 /* Resources */,
			);
			buildRules = (
			);
			dependencies = (
				FD3A5091217815A700E17385 /* PBXTargetDependency */,
			);
			name = DPAppDoctorTests;
			productName = DPAppDoctorDemoTests;
			productReference = FD3A508F217815A700E17385 /* DPAppDoctorTests.xctest */;
			productType = "com.apple.product-type.bundle.unit-test";
		};
		FD3A5099217815A700E17385 /* DPAppDoctorUITests */ = {
			isa = PBXNativeTarget;
			buildConfigurationList = FD3A50A9217815A700E17385 /* Build configuration list for PBXNativeTarget "DPAppDoctorUITests" */;
			buildPhases = (
				A8E1ADBCE92AD6DAADEE4D4E /* [CP] Check Pods Manifest.lock */,
				FD3A5096217815A700E17385 /* Sources */,
				FD3A5097217815A700E17385 /* Frameworks */,
				FD3A5098217815A700E17385 /* Resources */,
			);
			buildRules = (
			);
			dependencies = (
				FD3A509C217815A700E17385 /* PBXTargetDependency */,
			);
			name = DPAppDoctorUITests;
			productName = DPAppDoctorDemoUITests;
			productReference = FD3A509A217815A700E17385 /* DPAppDoctorUITests.xctest */;
			productType = "com.apple.product-type.bundle.ui-testing";
		};
/* End PBXNativeTarget section */

/* Begin PBXProject section */
		FD3A506F217815A500E17385 /* Project object */ = {
			isa = PBXProject;
			attributes = {
				LastUpgradeCheck = 1130;
				ORGANIZATIONNAME = "yupeng xia";
				TargetAttributes = {
					FD3A5076217815A500E17385 = {
						CreatedOnToolsVersion = 9.4.1;
					};
					FD3A508E217815A700E17385 = {
						CreatedOnToolsVersion = 9.4.1;
						TestTargetID = FD3A5076217815A500E17385;
					};
					FD3A5099217815A700E17385 = {
						CreatedOnToolsVersion = 9.4.1;
						TestTargetID = FD3A5076217815A500E17385;
					};
				};
			};
			buildConfigurationList = FD3A5072217815A500E17385 /* Build configuration list for PBXProject "DPAppDoctor" */;
			compatibilityVersion = "Xcode 9.3";
			developmentRegion = en;
			hasScannedForEncodings = 0;
			knownRegions = (
				en,
				Base,
			);
			mainGroup = FD3A506E217815A500E17385;
			productRefGroup = FD3A5078217815A500E17385 /* Products */;
			projectDirPath = "";
			projectRoot = "";
			targets = (
				FD3A5076217815A500E17385 /* DPAppDoctor */,
				FD3A508E217815A700E17385 /* DPAppDoctorTests */,
				FD3A5099217815A700E17385 /* DPAppDoctorUITests */,
			);
		};
/* End PBXProject section */

/* Begin PBXResourcesBuildPhase section */
		FD3A5075217815A500E17385 /* Resources */ = {
			isa = PBXResourcesBuildPhase;
			buildActionMask = 2147483647;
			files = (
				FD3A5087217815A700E17385 /* LaunchScreen.storyboard in Resources */,
				FD3A5084217815A700E17385 /* Assets.xcassets in Resources */,
				FD3A5082217815A500E17385 /* Main.storyboard in Resources */,
				FD3A50B1217816F100E17385 /* Launch.png in Resources */,
			);
			runOnlyForDeploymentPostprocessing = 0;
		};
		FD3A508D217815A700E17385 /* Resources */ = {
			isa = PBXResourcesBuildPhase;
			buildActionMask = 2147483647;
			files = (
			);
			runOnlyForDeploymentPostprocessing = 0;
		};
		FD3A5098217815A700E17385 /* Resources */ = {
			isa = PBXResourcesBuildPhase;
			buildActionMask = 2147483647;
			files = (
			);
			runOnlyForDeploymentPostprocessing = 0;
		};
/* End PBXResourcesBuildPhase section */

/* Begin PBXShellScriptBuildPhase section */
		298A6945285DBD846FA5988F /* [CP] Embed Pods Frameworks */ = {
			isa = PBXShellScriptBuildPhase;
			buildActionMask = 2147483647;
			files = (
			);
			inputFileListPaths = (
				"${PODS_ROOT}/Target Support Files/Pods-DPAppDoctor/Pods-DPAppDoctor-frameworks-${CONFIGURATION}-input-files.xcfilelist",
			);
			name = "[CP] Embed Pods Frameworks";
			outputFileListPaths = (
				"${PODS_ROOT}/Target Support Files/Pods-DPAppDoctor/Pods-DPAppDoctor-frameworks-${CONFIGURATION}-output-files.xcfilelist",
			);
			runOnlyForDeploymentPostprocessing = 0;
			shellPath = /bin/sh;
			shellScript = "\"${PODS_ROOT}/Target Support Files/Pods-DPAppDoctor/Pods-DPAppDoctor-frameworks.sh\"\n";
			showEnvVarsInLog = 0;
		};
		865A58C7B50B102C2401849A /* [CP] Check Pods Manifest.lock */ = {
			isa = PBXShellScriptBuildPhase;
			buildActionMask = 2147483647;
			files = (
			);
			inputFileListPaths = (
			);
			inputPaths = (
				"${PODS_PODFILE_DIR_PATH}/Podfile.lock",
				"${PODS_ROOT}/Manifest.lock",
			);
			name = "[CP] Check Pods Manifest.lock";
			outputFileListPaths = (
			);
			outputPaths = (
				"$(DERIVED_FILE_DIR)/Pods-DPAppDoctorTests-checkManifestLockResult.txt",
			);
			runOnlyForDeploymentPostprocessing = 0;
			shellPath = /bin/sh;
			shellScript = "diff \"${PODS_PODFILE_DIR_PATH}/Podfile.lock\" \"${PODS_ROOT}/Manifest.lock\" > /dev/null\nif [ $? != 0 ] ; then\n    # print error to STDERR\n    echo \"error: The sandbox is not in sync with the Podfile.lock. Run 'pod install' or update your CocoaPods installation.\" >&2\n    exit 1\nfi\n# This output is used by Xcode 'outputs' to avoid re-running this script phase.\necho \"SUCCESS\" > \"${SCRIPT_OUTPUT_FILE_0}\"\n";
			showEnvVarsInLog = 0;
		};
		A8E1ADBCE92AD6DAADEE4D4E /* [CP] Check Pods Manifest.lock */ = {
			isa = PBXShellScriptBuildPhase;
			buildActionMask = 2147483647;
			files = (
			);
			inputFileListPaths = (
			);
			inputPaths = (
				"${PODS_PODFILE_DIR_PATH}/Podfile.lock",
				"${PODS_ROOT}/Manifest.lock",
			);
			name = "[CP] Check Pods Manifest.lock";
			outputFileListPaths = (
			);
			outputPaths = (
				"$(DERIVED_FILE_DIR)/Pods-DPAppDoctorUITests-checkManifestLockResult.txt",
			);
			runOnlyForDeploymentPostprocessing = 0;
			shellPath = /bin/sh;
			shellScript = "diff \"${PODS_PODFILE_DIR_PATH}/Podfile.lock\" \"${PODS_ROOT}/Manifest.lock\" > /dev/null\nif [ $? != 0 ] ; then\n    # print error to STDERR\n    echo \"error: The sandbox is not in sync with the Podfile.lock. Run 'pod install' or update your CocoaPods installation.\" >&2\n    exit 1\nfi\n# This output is used by Xcode 'outputs' to avoid re-running this script phase.\necho \"SUCCESS\" > \"${SCRIPT_OUTPUT_FILE_0}\"\n";
			showEnvVarsInLog = 0;
		};
		CB5FEE7EDE14B22ECFDB17C1 /* [CP] Check Pods Manifest.lock */ = {
			isa = PBXShellScriptBuildPhase;
			buildActionMask = 2147483647;
			files = (
			);
			inputFileListPaths = (
			);
			inputPaths = (
				"${PODS_PODFILE_DIR_PATH}/Podfile.lock",
				"${PODS_ROOT}/Manifest.lock",
			);
			name = "[CP] Check Pods Manifest.lock";
			outputFileListPaths = (
			);
			outputPaths = (
				"$(DERIVED_FILE_DIR)/Pods-DPAppDoctor-checkManifestLockResult.txt",
			);
			runOnlyForDeploymentPostprocessing = 0;
			shellPath = /bin/sh;
			shellScript = "diff \"${PODS_PODFILE_DIR_PATH}/Podfile.lock\" \"${PODS_ROOT}/Manifest.lock\" > /dev/null\nif [ $? != 0 ] ; then\n    # print error to STDERR\n    echo \"error: The sandbox is not in sync with the Podfile.lock. Run 'pod install' or update your CocoaPods installation.\" >&2\n    exit 1\nfi\n# This output is used by Xcode 'outputs' to avoid re-running this script phase.\necho \"SUCCESS\" > \"${SCRIPT_OUTPUT_FILE_0}\"\n";
			showEnvVarsInLog = 0;
		};
/* End PBXShellScriptBuildPhase section */

/* Begin PBXSourcesBuildPhase section */
		FD3A5073217815A500E17385 /* Sources */ = {
			isa = PBXSourcesBuildPhase;
			buildActionMask = 2147483647;
			files = (
				FDD34B5A2632C44D008BE590 /* UIResponder+DPExtension.m in Sources */,
				FD3A507F217815A500E17385 /* ViewController.m in Sources */,
				FDD34B512632C44D008BE590 /* UIViewController+MemoryLeak.m in Sources */,
				FDD34B502632C44D008BE590 /* UITabBarController+MemoryLeak.m in Sources */,
				FDD34B5B2632C44D008BE590 /* UIColor+DPExtension.m in Sources */,
				FD539E7E24358A2F0085AAA7 /* LeakedViewController.m in Sources */,
				FDD34B522632C44D008BE590 /* UIApplication+MemoryLeak.m in Sources */,
				FDD34B542632C44D008BE590 /* DPAppDoctorMonitorView.m in Sources */,
				FDD34B492632C44D008BE590 /* UINavigationController+MemoryLeak.m in Sources */,
				FDD34B4E2632C44D008BE590 /* UISplitViewController+MemoryLeak.m in Sources */,
				FDD34B4C2632C44D008BE590 /* DPLeakedObjectProxy.m in Sources */,
				FD3A508A217815A700E17385 /* main.m in Sources */,
				FDD34B4B2632C44D008BE590 /* UIView+MemoryLeak.m in Sources */,
				FDD34B552632C44D008BE590 /* DPAppDoctorManager.m in Sources */,
				FDD34B4F2632C44D008BE590 /* UIPageViewController+MemoryLeak.m in Sources */,
				FDD34B562632C44D008BE590 /* NSString+DPExtension.m in Sources */,
				FDD34B482632C44D008BE590 /* SMCallLib.m in Sources */,
				FDD34B5C2632C44D008BE590 /* UIButton+DPExtension.m in Sources */,
				FDD34B442632C44D008BE590 /* DPAppDoctorViewColorView.m in Sources */,
				FDD34B532632C44D008BE590 /* NSObject+MemoryLeak.m in Sources */,
				FDD34B4D2632C44D008BE590 /* UITouch+MemoryLeak.m in Sources */,
				FDD34B4A2632C44D008BE590 /* DPLeaksMessenger.m in Sources */,
				FDD34B572632C44D008BE590 /* NSObject+DPExtension.m in Sources */,
				FDD34B582632C44D008BE590 /* UIView+DPExtension.m in Sources */,
				FDD34B462632C44D008BE590 /* XLMonitorHandle.m in Sources */,
				FDD34B592632C44D008BE590 /* UIApplication+ZCExtension.m in Sources */,
				FDD34B432632C44D008BE590 /* DPAppDoctorLogView.m in Sources */,
				FDD34B472632C44D008BE590 /* SMCallStack.m in Sources */,
				FD3A507C217815A500E17385 /* AppDelegate.m in Sources */,
				FDD34B452632C44D008BE590 /* CheckNetWorkBytes.m in Sources */,
			);
			runOnlyForDeploymentPostprocessing = 0;
		};
		FD3A508B217815A700E17385 /* Sources */ = {
			isa = PBXSourcesBuildPhase;
			buildActionMask = 2147483647;
			files = (
				FD3A5094217815A700E17385 /* DPAppDoctorDemoTests.m in Sources */,
			);
			runOnlyForDeploymentPostprocessing = 0;
		};
		FD3A5096217815A700E17385 /* Sources */ = {
			isa = PBXSourcesBuildPhase;
			buildActionMask = 2147483647;
			files = (
				FD3A509F217815A700E17385 /* DPAppDoctorDemoUITests.m in Sources */,
			);
			runOnlyForDeploymentPostprocessing = 0;
		};
/* End PBXSourcesBuildPhase section */

/* Begin PBXTargetDependency section */
		FD3A5091217815A700E17385 /* PBXTargetDependency */ = {
			isa = PBXTargetDependency;
			target = FD3A5076217815A500E17385 /* DPAppDoctor */;
			targetProxy = FD3A5090217815A700E17385 /* PBXContainerItemProxy */;
		};
		FD3A509C217815A700E17385 /* PBXTargetDependency */ = {
			isa = PBXTargetDependency;
			target = FD3A5076217815A500E17385 /* DPAppDoctor */;
			targetProxy = FD3A509B217815A700E17385 /* PBXContainerItemProxy */;
		};
/* End PBXTargetDependency section */

/* Begin PBXVariantGroup section */
		FD3A5080217815A500E17385 /* Main.storyboard */ = {
			isa = PBXVariantGroup;
			children = (
				FD3A5081217815A500E17385 /* Base */,
			);
			name = Main.storyboard;
			sourceTree = "<group>";
		};
		FD3A5085217815A700E17385 /* LaunchScreen.storyboard */ = {
			isa = PBXVariantGroup;
			children = (
				FD3A5086217815A700E17385 /* Base */,
			);
			name = LaunchScreen.storyboard;
			sourceTree = "<group>";
		};
/* End PBXVariantGroup section */

/* Begin XCBuildConfiguration section */
		FD3A50A1217815A700E17385 /* Debug */ = {
			isa = XCBuildConfiguration;
			buildSettings = {
				ALWAYS_SEARCH_USER_PATHS = NO;
				CLANG_ANALYZER_NONNULL = YES;
				CLANG_ANALYZER_NUMBER_OBJECT_CONVERSION = YES_AGGRESSIVE;
				CLANG_CXX_LANGUAGE_STANDARD = "gnu++14";
				CLANG_CXX_LIBRARY = "libc++";
				CLANG_ENABLE_MODULES = YES;
				CLANG_ENABLE_OBJC_ARC = YES;
				CLANG_ENABLE_OBJC_WEAK = YES;
				CLANG_WARN_BLOCK_CAPTURE_AUTORELEASING = YES;
				CLANG_WARN_BOOL_CONVERSION = YES;
				CLANG_WARN_COMMA = YES;
				CLANG_WARN_CONSTANT_CONVERSION = YES;
				CLANG_WARN_DEPRECATED_OBJC_IMPLEMENTATIONS = YES;
				CLANG_WARN_DIRECT_OBJC_ISA_USAGE = YES_ERROR;
				CLANG_WARN_DOCUMENTATION_COMMENTS = YES;
				CLANG_WARN_EMPTY_BODY = YES;
				CLANG_WARN_ENUM_CONVERSION = YES;
				CLANG_WARN_INFINITE_RECURSION = YES;
				CLANG_WARN_INT_CONVERSION = YES;
				CLANG_WARN_NON_LITERAL_NULL_CONVERSION = YES;
				CLANG_WARN_OBJC_IMPLICIT_RETAIN_SELF = YES;
				CLANG_WARN_OBJC_LITERAL_CONVERSION = YES;
				CLANG_WARN_OBJC_ROOT_CLASS = YES_ERROR;
				CLANG_WARN_RANGE_LOOP_ANALYSIS = YES;
				CLANG_WARN_STRICT_PROTOTYPES = YES;
				CLANG_WARN_SUSPICIOUS_MOVE = YES;
				CLANG_WARN_UNGUARDED_AVAILABILITY = YES_AGGRESSIVE;
				CLANG_WARN_UNREACHABLE_CODE = YES;
				CLANG_WARN__DUPLICATE_METHOD_MATCH = YES;
				CODE_SIGN_IDENTITY = "iPhone Developer";
				COPY_PHASE_STRIP = NO;
				DEBUG_INFORMATION_FORMAT = dwarf;
				ENABLE_STRICT_OBJC_MSGSEND = YES;
				ENABLE_TESTABILITY = YES;
				GCC_C_LANGUAGE_STANDARD = gnu11;
				GCC_DYNAMIC_NO_PIC = NO;
				GCC_NO_COMMON_BLOCKS = YES;
				GCC_OPTIMIZATION_LEVEL = 0;
				GCC_PREPROCESSOR_DEFINITIONS = (
					"DEBUG=1",
					"$(inherited)",
				);
				GCC_WARN_64_TO_32_BIT_CONVERSION = YES;
				GCC_WARN_ABOUT_RETURN_TYPE = YES_ERROR;
				GCC_WARN_UNDECLARED_SELECTOR = YES;
				GCC_WARN_UNINITIALIZED_AUTOS = YES_AGGRESSIVE;
				GCC_WARN_UNUSED_FUNCTION = YES;
				GCC_WARN_UNUSED_VARIABLE = YES;
				IPHONEOS_DEPLOYMENT_TARGET = 8.0;
				MTL_ENABLE_DEBUG_INFO = YES;
				ONLY_ACTIVE_ARCH = YES;
				SDKROOT = iphoneos;
			};
			name = Debug;
		};
		FD3A50A2217815A700E17385 /* Release */ = {
			isa = XCBuildConfiguration;
			buildSettings = {
				ALWAYS_SEARCH_USER_PATHS = NO;
				CLANG_ANALYZER_NONNULL = YES;
				CLANG_ANALYZER_NUMBER_OBJECT_CONVERSION = YES_AGGRESSIVE;
				CLANG_CXX_LANGUAGE_STANDARD = "gnu++14";
				CLANG_CXX_LIBRARY = "libc++";
				CLANG_ENABLE_MODULES = YES;
				CLANG_ENABLE_OBJC_ARC = YES;
				CLANG_ENABLE_OBJC_WEAK = YES;
				CLANG_WARN_BLOCK_CAPTURE_AUTORELEASING = YES;
				CLANG_WARN_BOOL_CONVERSION = YES;
				CLANG_WARN_COMMA = YES;
				CLANG_WARN_CONSTANT_CONVERSION = YES;
				CLANG_WARN_DEPRECATED_OBJC_IMPLEMENTATIONS = YES;
				CLANG_WARN_DIRECT_OBJC_ISA_USAGE = YES_ERROR;
				CLANG_WARN_DOCUMENTATION_COMMENTS = YES;
				CLANG_WARN_EMPTY_BODY = YES;
				CLANG_WARN_ENUM_CONVERSION = YES;
				CLANG_WARN_INFINITE_RECURSION = YES;
				CLANG_WARN_INT_CONVERSION = YES;
				CLANG_WARN_NON_LITERAL_NULL_CONVERSION = YES;
				CLANG_WARN_OBJC_IMPLICIT_RETAIN_SELF = YES;
				CLANG_WARN_OBJC_LITERAL_CONVERSION = YES;
				CLANG_WARN_OBJC_ROOT_CLASS = YES_ERROR;
				CLANG_WARN_RANGE_LOOP_ANALYSIS = YES;
				CLANG_WARN_STRICT_PROTOTYPES = YES;
				CLANG_WARN_SUSPICIOUS_MOVE = YES;
				CLANG_WARN_UNGUARDED_AVAILABILITY = YES_AGGRESSIVE;
				CLANG_WARN_UNREACHABLE_CODE = YES;
				CLANG_WARN__DUPLICATE_METHOD_MATCH = YES;
				CODE_SIGN_IDENTITY = "iPhone Developer";
				COPY_PHASE_STRIP = NO;
				DEBUG_INFORMATION_FORMAT = "dwarf-with-dsym";
				ENABLE_NS_ASSERTIONS = NO;
				ENABLE_STRICT_OBJC_MSGSEND = YES;
				GCC_C_LANGUAGE_STANDARD = gnu11;
				GCC_NO_COMMON_BLOCKS = YES;
				GCC_WARN_64_TO_32_BIT_CONVERSION = YES;
				GCC_WARN_ABOUT_RETURN_TYPE = YES_ERROR;
				GCC_WARN_UNDECLARED_SELECTOR = YES;
				GCC_WARN_UNINITIALIZED_AUTOS = YES_AGGRESSIVE;
				GCC_WARN_UNUSED_FUNCTION = YES;
				GCC_WARN_UNUSED_VARIABLE = YES;
				IPHONEOS_DEPLOYMENT_TARGET = 8.0;
				MTL_ENABLE_DEBUG_INFO = NO;
				SDKROOT = iphoneos;
				VALIDATE_PRODUCT = YES;
			};
			name = Release;
		};
		FD3A50A4217815A700E17385 /* Debug */ = {
			isa = XCBuildConfiguration;
			baseConfigurationReference = 5C07125FD77D3D424A9E2B65 /* Pods-DPAppDoctor.debug.xcconfig */;
			buildSettings = {
				ASSETCATALOG_COMPILER_APPICON_NAME = AppIcon;
				CLANG_WARN_DOCUMENTATION_COMMENTS = NO;
				CODE_SIGN_STYLE = Automatic;
				DEVELOPMENT_TEAM = 99C8L96EFT;
				INFOPLIST_FILE = DPAppDoctorDemo/Info.plist;
				IPHONEOS_DEPLOYMENT_TARGET = 8.0;
				LD_RUNPATH_SEARCH_PATHS = (
					"$(inherited)",
					"@executable_path/Frameworks",
				);
				OTHER_LDFLAGS = "-ObjC";
				PRODUCT_BUNDLE_IDENTIFIER = test.DPAppDoctorDemo;
				PRODUCT_NAME = "$(TARGET_NAME)";
				TARGETED_DEVICE_FAMILY = "1,2";
				WARNING_CFLAGS = "";
			};
			name = Debug;
		};
		FD3A50A5217815A700E17385 /* Release */ = {
			isa = XCBuildConfiguration;
			baseConfigurationReference = EEE2C6182DA2DBD0C4B022EC /* Pods-DPAppDoctor.release.xcconfig */;
			buildSettings = {
				ASSETCATALOG_COMPILER_APPICON_NAME = AppIcon;
				CLANG_WARN_DOCUMENTATION_COMMENTS = NO;
				CODE_SIGN_STYLE = Automatic;
				DEVELOPMENT_TEAM = 99C8L96EFT;
				INFOPLIST_FILE = DPAppDoctorDemo/Info.plist;
				IPHONEOS_DEPLOYMENT_TARGET = 8.0;
				LD_RUNPATH_SEARCH_PATHS = (
					"$(inherited)",
					"@executable_path/Frameworks",
				);
				OTHER_LDFLAGS = "-ObjC";
				PRODUCT_BUNDLE_IDENTIFIER = test.DPAppDoctorDemo;
				PRODUCT_NAME = "$(TARGET_NAME)";
				TARGETED_DEVICE_FAMILY = "1,2";
				WARNING_CFLAGS = "";
			};
			name = Release;
		};
		FD3A50A7217815A700E17385 /* Debug */ = {
			isa = XCBuildConfiguration;
			baseConfigurationReference = 0CC87BF9DC034EBD2EA18E04 /* Pods-DPAppDoctorTests.debug.xcconfig */;
			buildSettings = {
				BUNDLE_LOADER = "$(TEST_HOST)";
				CODE_SIGN_STYLE = Automatic;
				DEVELOPMENT_TEAM = 99C8L96EFT;
				INFOPLIST_FILE = DPAppDoctorDemoTests/Info.plist;
				LD_RUNPATH_SEARCH_PATHS = (
					"$(inherited)",
					"@executable_path/Frameworks",
					"@loader_path/Frameworks",
				);
				PRODUCT_BUNDLE_IDENTIFIER = test.DPAppDoctorDemoTests;
				PRODUCT_NAME = "$(TARGET_NAME)";
				TARGETED_DEVICE_FAMILY = "1,2";
				TEST_HOST = "$(BUILT_PRODUCTS_DIR)/DPAppDoctor.app/DPAppDoctor";
			};
			name = Debug;
		};
		FD3A50A8217815A700E17385 /* Release */ = {
			isa = XCBuildConfiguration;
			baseConfigurationReference = 74EC040E74972BAF3ACBC39E /* Pods-DPAppDoctorTests.release.xcconfig */;
			buildSettings = {
				BUNDLE_LOADER = "$(TEST_HOST)";
				CODE_SIGN_STYLE = Automatic;
				DEVELOPMENT_TEAM = 99C8L96EFT;
				INFOPLIST_FILE = DPAppDoctorDemoTests/Info.plist;
				LD_RUNPATH_SEARCH_PATHS = (
					"$(inherited)",
					"@executable_path/Frameworks",
					"@loader_path/Frameworks",
				);
				PRODUCT_BUNDLE_IDENTIFIER = test.DPAppDoctorDemoTests;
				PRODUCT_NAME = "$(TARGET_NAME)";
				TARGETED_DEVICE_FAMILY = "1,2";
				TEST_HOST = "$(BUILT_PRODUCTS_DIR)/DPAppDoctor.app/DPAppDoctor";
			};
			name = Release;
		};
		FD3A50AA217815A700E17385 /* Debug */ = {
			isa = XCBuildConfiguration;
			baseConfigurationReference = 49FBA3E7545AEFD2C1CD548F /* Pods-DPAppDoctorUITests.debug.xcconfig */;
			buildSettings = {
				CODE_SIGN_STYLE = Automatic;
				DEVELOPMENT_TEAM = 99C8L96EFT;
				INFOPLIST_FILE = DPAppDoctorDemoUITests/Info.plist;
				LD_RUNPATH_SEARCH_PATHS = (
					"$(inherited)",
					"@executable_path/Frameworks",
					"@loader_path/Frameworks",
				);
				PRODUCT_BUNDLE_IDENTIFIER = test.DPAppDoctorDemoUITests;
				PRODUCT_NAME = "$(TARGET_NAME)";
				TARGETED_DEVICE_FAMILY = "1,2";
				TEST_TARGET_NAME = DPAppDoctorDemo;
			};
			name = Debug;
		};
		FD3A50AB217815A700E17385 /* Release */ = {
			isa = XCBuildConfiguration;
			baseConfigurationReference = 12579F1D81EB1DD14225877D /* Pods-DPAppDoctorUITests.release.xcconfig */;
			buildSettings = {
				CODE_SIGN_STYLE = Automatic;
				DEVELOPMENT_TEAM = 99C8L96EFT;
				INFOPLIST_FILE = DPAppDoctorDemoUITests/Info.plist;
				LD_RUNPATH_SEARCH_PATHS = (
					"$(inherited)",
					"@executable_path/Frameworks",
					"@loader_path/Frameworks",
				);
				PRODUCT_BUNDLE_IDENTIFIER = test.DPAppDoctorDemoUITests;
				PRODUCT_NAME = "$(TARGET_NAME)";
				TARGETED_DEVICE_FAMILY = "1,2";
				TEST_TARGET_NAME = DPAppDoctorDemo;
			};
			name = Release;
		};
/* End XCBuildConfiguration section */

/* Begin XCConfigurationList section */
		FD3A5072217815A500E17385 /* Build configuration list for PBXProject "DPAppDoctor" */ = {
			isa = XCConfigurationList;
			buildConfigurations = (
				FD3A50A1217815A700E17385 /* Debug */,
				FD3A50A2217815A700E17385 /* Release */,
			);
			defaultConfigurationIsVisible = 0;
			defaultConfigurationName = Release;
		};
		FD3A50A3217815A700E17385 /* Build configuration list for PBXNativeTarget "DPAppDoctor" */ = {
			isa = XCConfigurationList;
			buildConfigurations = (
				FD3A50A4217815A700E17385 /* Debug */,
				FD3A50A5217815A700E17385 /* Release */,
			);
			defaultConfigurationIsVisible = 0;
			defaultConfigurationName = Release;
		};
		FD3A50A6217815A700E17385 /* Build configuration list for PBXNativeTarget "DPAppDoctorTests" */ = {
			isa = XCConfigurationList;
			buildConfigurations = (
				FD3A50A7217815A700E17385 /* Debug */,
				FD3A50A8217815A700E17385 /* Release */,
			);
			defaultConfigurationIsVisible = 0;
			defaultConfigurationName = Release;
		};
		FD3A50A9217815A700E17385 /* Build configuration list for PBXNativeTarget "DPAppDoctorUITests" */ = {
			isa = XCConfigurationList;
			buildConfigurations = (
				FD3A50AA217815A700E17385 /* Debug */,
				FD3A50AB217815A700E17385 /* Release */,
			);
			defaultConfigurationIsVisible = 0;
			defaultConfigurationName = Release;
		};
/* End XCConfigurationList section */
	};
	rootObject = FD3A506F217815A500E17385 /* Project object */;
}
